// !$*UTF8*$!
{
	archiveVersion = 1;
	classes = {
	};
	objectVersion = 60;
	objects = {

/* Begin PBXBuildFile section */
		852B50FE2C2FA822008CF652 /* TomatoApp.swift in Sources */ = {isa = PBXBuildFile; fileRef = 852B50FD2C2FA822008CF652 /* TomatoApp.swift */; };
		852B51002C2FA822008CF652 /* ContentView.swift in Sources */ = {isa = PBXBuildFile; fileRef = 852B50FF2C2FA822008CF652 /* ContentView.swift */; };
		852B51022C2FA823008CF652 /* Assets.xcassets in Resources */ = {isa = PBXBuildFile; fileRef = 852B51012C2FA823008CF652 /* Assets.xcassets */; };
		852B51052C2FA823008CF652 /* Preview Assets.xcassets in Resources */ = {isa = PBXBuildFile; fileRef = 852B51042C2FA823008CF652 /* Preview Assets.xcassets */; };
		89B9E96E2C2FAC7600B4A4F7 /* FlipClockTextEffect.swift in Sources */ = {isa = PBXBuildFile; fileRef = 89B9E96D2C2FAC7600B4A4F7 /* FlipClockTextEffect.swift */; };
		89B9E9742C2FBE8200B4A4F7 /* CustomTimer.swift in Sources */ = {isa = PBXBuildFile; fileRef = 89B9E9732C2FBE8200B4A4F7 /* CustomTimer.swift */; };
		89B9E97E2C2FC40F00B4A4F7 /* WidgetKit.framework in Frameworks */ = {isa = PBXBuildFile; fileRef = 89B9E97D2C2FC40F00B4A4F7 /* WidgetKit.framework */; };
		89B9E9802C2FC40F00B4A4F7 /* SwiftUI.framework in Frameworks */ = {isa = PBXBuildFile; fileRef = 89B9E97F2C2FC40F00B4A4F7 /* SwiftUI.framework */; };
		89B9E9832C2FC40F00B4A4F7 /* TomatoTimerLiveActivity.swift in Sources */ = {isa = PBXBuildFile; fileRef = 89B9E9822C2FC40F00B4A4F7 /* TomatoTimerLiveActivity.swift */; };
		89B9E9852C2FC40F00B4A4F7 /* TomatoTimerBundle.swift in Sources */ = {isa = PBXBuildFile; fileRef = 89B9E9842C2FC40F00B4A4F7 /* TomatoTimerBundle.swift */; };
		89B9E9892C2FC40F00B4A4F7 /* TomatoTimer.swift in Sources */ = {isa = PBXBuildFile; fileRef = 89B9E9882C2FC40F00B4A4F7 /* TomatoTimer.swift */; };
		89B9E98B2C2FC40F00B4A4F7 /* AppIntent.swift in Sources */ = {isa = PBXBuildFile; fileRef = 89B9E98A2C2FC40F00B4A4F7 /* AppIntent.swift */; };
		89B9E98D2C2FC41100B4A4F7 /* Assets.xcassets in Resources */ = {isa = PBXBuildFile; fileRef = 89B9E98C2C2FC41100B4A4F7 /* Assets.xcassets */; };
		89B9E9912C2FC41100B4A4F7 /* TomatoTimerExtension.appex in Embed Foundation Extensions */ = {isa = PBXBuildFile; fileRef = 89B9E97B2C2FC40F00B4A4F7 /* TomatoTimerExtension.appex */; settings = {ATTRIBUTES = (RemoveHeadersOnCopy, ); }; };
		CABFE7942C2FDA170068CCF3 /* TimerToggle.swift in Sources */ = {isa = PBXBuildFile; fileRef = CABFE7932C2FDA170068CCF3 /* TimerToggle.swift */; };
		CABFE7952C2FDA170068CCF3 /* TimerToggle.swift in Sources */ = {isa = PBXBuildFile; fileRef = CABFE7932C2FDA170068CCF3 /* TimerToggle.swift */; };
		CABFE79A2C2FEA780068CCF3 /* TimeManager.swift in Sources */ = {isa = PBXBuildFile; fileRef = CABFE7992C2FEA780068CCF3 /* TimeManager.swift */; };
		CABFE79B2C2FEA780068CCF3 /* TimeManager.swift in Sources */ = {isa = PBXBuildFile; fileRef = CABFE7992C2FEA780068CCF3 /* TimeManager.swift */; };
/* End PBXBuildFile section */

/* Begin PBXContainerItemProxy section */
		89B9E98F2C2FC41100B4A4F7 /* PBXContainerItemProxy */ = {
			isa = PBXContainerItemProxy;
			containerPortal = 852B50F22C2FA822008CF652 /* Project object */;
			proxyType = 1;
			remoteGlobalIDString = 89B9E97A2C2FC40F00B4A4F7;
			remoteInfo = TomatoTimerExtension;
		};
/* End PBXContainerItemProxy section */

/* Begin PBXCopyFilesBuildPhase section */
		89B9E9922C2FC41100B4A4F7 /* Embed Foundation Extensions */ = {
			isa = PBXCopyFilesBuildPhase;
			buildActionMask = 2147483647;
			dstPath = "";
			dstSubfolderSpec = 13;
			files = (
				89B9E9912C2FC41100B4A4F7 /* TomatoTimerExtension.appex in Embed Foundation Extensions */,
			);
			name = "Embed Foundation Extensions";
			runOnlyForDeploymentPostprocessing = 0;
		};
/* End PBXCopyFilesBuildPhase section */

/* Begin PBXFileReference section */
		852B50FA2C2FA822008CF652 /* Tomato.app */ = {isa = PBXFileReference; explicitFileType = wrapper.application; includeInIndex = 0; path = Tomato.app; sourceTree = BUILT_PRODUCTS_DIR; };
		852B50FD2C2FA822008CF652 /* TomatoApp.swift */ = {isa = PBXFileReference; lastKnownFileType = sourcecode.swift; path = TomatoApp.swift; sourceTree = "<group>"; };
		852B50FF2C2FA822008CF652 /* ContentView.swift */ = {isa = PBXFileReference; lastKnownFileType = sourcecode.swift; path = ContentView.swift; sourceTree = "<group>"; };
		852B51012C2FA823008CF652 /* Assets.xcassets */ = {isa = PBXFileReference; lastKnownFileType = folder.assetcatalog; path = Assets.xcassets; sourceTree = "<group>"; };
		852B51042C2FA823008CF652 /* Preview Assets.xcassets */ = {isa = PBXFileReference; lastKnownFileType = folder.assetcatalog; path = "Preview Assets.xcassets"; sourceTree = "<group>"; };
		89B9E96D2C2FAC7600B4A4F7 /* FlipClockTextEffect.swift */ = {isa = PBXFileReference; lastKnownFileType = sourcecode.swift; path = FlipClockTextEffect.swift; sourceTree = "<group>"; };
		89B9E9732C2FBE8200B4A4F7 /* CustomTimer.swift */ = {isa = PBXFileReference; lastKnownFileType = sourcecode.swift; path = CustomTimer.swift; sourceTree = "<group>"; };
		89B9E97B2C2FC40F00B4A4F7 /* TomatoTimerExtension.appex */ = {isa = PBXFileReference; explicitFileType = "wrapper.app-extension"; includeInIndex = 0; path = TomatoTimerExtension.appex; sourceTree = BUILT_PRODUCTS_DIR; };
		89B9E97D2C2FC40F00B4A4F7 /* WidgetKit.framework */ = {isa = PBXFileReference; lastKnownFileType = wrapper.framework; name = WidgetKit.framework; path = System/Library/Frameworks/WidgetKit.framework; sourceTree = SDKROOT; };
		89B9E97F2C2FC40F00B4A4F7 /* SwiftUI.framework */ = {isa = PBXFileReference; lastKnownFileType = wrapper.framework; name = SwiftUI.framework; path = System/Library/Frameworks/SwiftUI.framework; sourceTree = SDKROOT; };
		89B9E9822C2FC40F00B4A4F7 /* TomatoTimerLiveActivity.swift */ = {isa = PBXFileReference; lastKnownFileType = sourcecode.swift; path = TomatoTimerLiveActivity.swift; sourceTree = "<group>"; };
		89B9E9842C2FC40F00B4A4F7 /* TomatoTimerBundle.swift */ = {isa = PBXFileReference; lastKnownFileType = sourcecode.swift; path = TomatoTimerBundle.swift; sourceTree = "<group>"; };
		89B9E9882C2FC40F00B4A4F7 /* TomatoTimer.swift */ = {isa = PBXFileReference; lastKnownFileType = sourcecode.swift; path = TomatoTimer.swift; sourceTree = "<group>"; };
		89B9E98A2C2FC40F00B4A4F7 /* AppIntent.swift */ = {isa = PBXFileReference; lastKnownFileType = sourcecode.swift; path = AppIntent.swift; sourceTree = "<group>"; };
		89B9E98C2C2FC41100B4A4F7 /* Assets.xcassets */ = {isa = PBXFileReference; lastKnownFileType = folder.assetcatalog; path = Assets.xcassets; sourceTree = "<group>"; };
		89B9E98E2C2FC41100B4A4F7 /* Info.plist */ = {isa = PBXFileReference; lastKnownFileType = text.plist.xml; path = Info.plist; sourceTree = "<group>"; };
		CABFE7932C2FDA170068CCF3 /* TimerToggle.swift */ = {isa = PBXFileReference; lastKnownFileType = sourcecode.swift; path = TimerToggle.swift; sourceTree = "<group>"; };
		CABFE7992C2FEA780068CCF3 /* TimeManager.swift */ = {isa = PBXFileReference; lastKnownFileType = sourcecode.swift; path = TimeManager.swift; sourceTree = "<group>"; };
/* End PBXFileReference section */

/* Begin PBXFrameworksBuildPhase section */
		852B50F72C2FA822008CF652 /* Frameworks */ = {
			isa = PBXFrameworksBuildPhase;
			buildActionMask = 2147483647;
			files = (
			);
			runOnlyForDeploymentPostprocessing = 0;
		};
		89B9E9782C2FC40F00B4A4F7 /* Frameworks */ = {
			isa = PBXFrameworksBuildPhase;
			buildActionMask = 2147483647;
			files = (
				89B9E9802C2FC40F00B4A4F7 /* SwiftUI.framework in Frameworks */,
				89B9E97E2C2FC40F00B4A4F7 /* WidgetKit.framework in Frameworks */,
			);
			runOnlyForDeploymentPostprocessing = 0;
		};
/* End PBXFrameworksBuildPhase section */

/* Begin PBXGroup section */
		852B50F12C2FA822008CF652 = {
			isa = PBXGroup;
			children = (
				852B50FC2C2FA822008CF652 /* Tomato */,
				89B9E9812C2FC40F00B4A4F7 /* TomatoTimer */,
				89B9E97C2C2FC40F00B4A4F7 /* Frameworks */,
				852B50FB2C2FA822008CF652 /* Products */,
			);
			sourceTree = "<group>";
		};
		852B50FB2C2FA822008CF652 /* Products */ = {
			isa = PBXGroup;
			children = (
				852B50FA2C2FA822008CF652 /* Tomato.app */,
				89B9E97B2C2FC40F00B4A4F7 /* TomatoTimerExtension.appex */,
			);
			name = Products;
			sourceTree = "<group>";
		};
		852B50FC2C2FA822008CF652 /* Tomato */ = {
			isa = PBXGroup;
			children = (
				852B50FD2C2FA822008CF652 /* TomatoApp.swift */,
				89B9E9752C2FBF1E00B4A4F7 /* Views */,
				89B9E9762C2FBF2800B4A4F7 /* Animation */,
				852B51012C2FA823008CF652 /* Assets.xcassets */,
				852B51032C2FA823008CF652 /* Preview Content */,
			);
			path = Tomato;
			sourceTree = "<group>";
		};
		852B51032C2FA823008CF652 /* Preview Content */ = {
			isa = PBXGroup;
			children = (
				852B51042C2FA823008CF652 /* Preview Assets.xcassets */,
			);
			path = "Preview Content";
			sourceTree = "<group>";
		};
		89B9E9752C2FBF1E00B4A4F7 /* Views */ = {
			isa = PBXGroup;
			children = (
				852B50FF2C2FA822008CF652 /* ContentView.swift */,
				89B9E9732C2FBE8200B4A4F7 /* CustomTimer.swift */,
			);
			path = Views;
			sourceTree = "<group>";
		};
		89B9E9762C2FBF2800B4A4F7 /* Animation */ = {
			isa = PBXGroup;
			children = (
				89B9E96D2C2FAC7600B4A4F7 /* FlipClockTextEffect.swift */,
			);
			path = Animation;
			sourceTree = "<group>";
		};
		89B9E97C2C2FC40F00B4A4F7 /* Frameworks */ = {
			isa = PBXGroup;
			children = (
				89B9E97D2C2FC40F00B4A4F7 /* WidgetKit.framework */,
				89B9E97F2C2FC40F00B4A4F7 /* SwiftUI.framework */,
			);
			name = Frameworks;
			sourceTree = "<group>";
		};
		89B9E9812C2FC40F00B4A4F7 /* TomatoTimer */ = {
			isa = PBXGroup;
			children = (
				89B9E9822C2FC40F00B4A4F7 /* TomatoTimerLiveActivity.swift */,
				CABFE7932C2FDA170068CCF3 /* TimerToggle.swift */,
				89B9E9842C2FC40F00B4A4F7 /* TomatoTimerBundle.swift */,
				89B9E9882C2FC40F00B4A4F7 /* TomatoTimer.swift */,
				89B9E98A2C2FC40F00B4A4F7 /* AppIntent.swift */,
				CABFE7992C2FEA780068CCF3 /* TimeManager.swift */,
				89B9E98C2C2FC41100B4A4F7 /* Assets.xcassets */,
				89B9E98E2C2FC41100B4A4F7 /* Info.plist */,
			);
			path = TomatoTimer;
			sourceTree = "<group>";
		};
/* End PBXGroup section */

/* Begin PBXNativeTarget section */
		852B50F92C2FA822008CF652 /* Tomato */ = {
			isa = PBXNativeTarget;
			buildConfigurationList = 852B51082C2FA823008CF652 /* Build configuration list for PBXNativeTarget "Tomato" */;
			buildPhases = (
				852B50F62C2FA822008CF652 /* Sources */,
				852B50F72C2FA822008CF652 /* Frameworks */,
				852B50F82C2FA822008CF652 /* Resources */,
				89B9E9922C2FC41100B4A4F7 /* Embed Foundation Extensions */,
			);
			buildRules = (
			);
			dependencies = (
				89B9E9902C2FC41100B4A4F7 /* PBXTargetDependency */,
			);
			name = Tomato;
			productName = Tomato;
			productReference = 852B50FA2C2FA822008CF652 /* Tomato.app */;
			productType = "com.apple.product-type.application";
		};
		89B9E97A2C2FC40F00B4A4F7 /* TomatoTimerExtension */ = {
			isa = PBXNativeTarget;
			buildConfigurationList = 89B9E9952C2FC41100B4A4F7 /* Build configuration list for PBXNativeTarget "TomatoTimerExtension" */;
			buildPhases = (
				89B9E9772C2FC40F00B4A4F7 /* Sources */,
				89B9E9782C2FC40F00B4A4F7 /* Frameworks */,
				89B9E9792C2FC40F00B4A4F7 /* Resources */,
			);
			buildRules = (
			);
			dependencies = (
			);
			name = TomatoTimerExtension;
			productName = TomatoTimerExtension;
			productReference = 89B9E97B2C2FC40F00B4A4F7 /* TomatoTimerExtension.appex */;
			productType = "com.apple.product-type.app-extension";
		};
/* End PBXNativeTarget section */

/* Begin PBXProject section */
		852B50F22C2FA822008CF652 /* Project object */ = {
			isa = PBXProject;
			attributes = {
				BuildIndependentTargetsInParallel = 1;
				LastSwiftUpdateCheck = 1600;
				LastUpgradeCheck = 1600;
				TargetAttributes = {
					852B50F92C2FA822008CF652 = {
						CreatedOnToolsVersion = 16.0;
					};
					89B9E97A2C2FC40F00B4A4F7 = {
						CreatedOnToolsVersion = 16.0;
					};
				};
			};
			buildConfigurationList = 852B50F52C2FA822008CF652 /* Build configuration list for PBXProject "Tomato" */;
			compatibilityVersion = "Xcode 15.0";
			developmentRegion = en;
			hasScannedForEncodings = 0;
			knownRegions = (
				en,
				Base,
			);
			mainGroup = 852B50F12C2FA822008CF652;
			productRefGroup = 852B50FB2C2FA822008CF652 /* Products */;
			projectDirPath = "";
			projectRoot = "";
			targets = (
				852B50F92C2FA822008CF652 /* Tomato */,
				89B9E97A2C2FC40F00B4A4F7 /* TomatoTimerExtension */,
			);
		};
/* End PBXProject section */

/* Begin PBXResourcesBuildPhase section */
		852B50F82C2FA822008CF652 /* Resources */ = {
			isa = PBXResourcesBuildPhase;
			buildActionMask = 2147483647;
			files = (
				852B51052C2FA823008CF652 /* Preview Assets.xcassets in Resources */,
				852B51022C2FA823008CF652 /* Assets.xcassets in Resources */,
			);
			runOnlyForDeploymentPostprocessing = 0;
		};
		89B9E9792C2FC40F00B4A4F7 /* Resources */ = {
			isa = PBXResourcesBuildPhase;
			buildActionMask = 2147483647;
			files = (
				89B9E98D2C2FC41100B4A4F7 /* Assets.xcassets in Resources */,
			);
			runOnlyForDeploymentPostprocessing = 0;
		};
/* End PBXResourcesBuildPhase section */

/* Begin PBXSourcesBuildPhase section */
		852B50F62C2FA822008CF652 /* Sources */ = {
			isa = PBXSourcesBuildPhase;
			buildActionMask = 2147483647;
			files = (
				852B51002C2FA822008CF652 /* ContentView.swift in Sources */,
				89B9E96E2C2FAC7600B4A4F7 /* FlipClockTextEffect.swift in Sources */,
				CABFE79B2C2FEA780068CCF3 /* TimeManager.swift in Sources */,
				CABFE7952C2FDA170068CCF3 /* TimerToggle.swift in Sources */,
				852B50FE2C2FA822008CF652 /* TomatoApp.swift in Sources */,
				89B9E9742C2FBE8200B4A4F7 /* CustomTimer.swift in Sources */,
			);
			runOnlyForDeploymentPostprocessing = 0;
		};
		89B9E9772C2FC40F00B4A4F7 /* Sources */ = {
			isa = PBXSourcesBuildPhase;
			buildActionMask = 2147483647;
			files = (
				89B9E9832C2FC40F00B4A4F7 /* TomatoTimerLiveActivity.swift in Sources */,
				89B9E9892C2FC40F00B4A4F7 /* TomatoTimer.swift in Sources */,
				CABFE79A2C2FEA780068CCF3 /* TimeManager.swift in Sources */,
				89B9E98B2C2FC40F00B4A4F7 /* AppIntent.swift in Sources */,
				CABFE7942C2FDA170068CCF3 /* TimerToggle.swift in Sources */,
				89B9E9852C2FC40F00B4A4F7 /* TomatoTimerBundle.swift in Sources */,
			);
			runOnlyForDeploymentPostprocessing = 0;
		};
/* End PBXSourcesBuildPhase section */

/* Begin PBXTargetDependency section */
		89B9E9902C2FC41100B4A4F7 /* PBXTargetDependency */ = {
			isa = PBXTargetDependency;
			target = 89B9E97A2C2FC40F00B4A4F7 /* TomatoTimerExtension */;
			targetProxy = 89B9E98F2C2FC41100B4A4F7 /* PBXContainerItemProxy */;
		};
/* End PBXTargetDependency section */

/* Begin XCBuildConfiguration section */
		852B51062C2FA823008CF652 /* Debug */ = {
			isa = XCBuildConfiguration;
			buildSettings = {
				ALWAYS_SEARCH_USER_PATHS = NO;
				ASSETCATALOG_COMPILER_GENERATE_SWIFT_ASSET_SYMBOL_EXTENSIONS = YES;
				CLANG_ANALYZER_NONNULL = YES;
				CLANG_ANALYZER_NUMBER_OBJECT_CONVERSION = YES_AGGRESSIVE;
				CLANG_CXX_LANGUAGE_STANDARD = "gnu++20";
				CLANG_ENABLE_MODULES = YES;
				CLANG_ENABLE_OBJC_ARC = YES;
				CLANG_ENABLE_OBJC_WEAK = YES;
				CLANG_WARN_BLOCK_CAPTURE_AUTORELEASING = YES;
				CLANG_WARN_BOOL_CONVERSION = YES;
				CLANG_WARN_COMMA = YES;
				CLANG_WARN_CONSTANT_CONVERSION = YES;
				CLANG_WARN_DEPRECATED_OBJC_IMPLEMENTATIONS = YES;
				CLANG_WARN_DIRECT_OBJC_ISA_USAGE = YES_ERROR;
				CLANG_WARN_DOCUMENTATION_COMMENTS = YES;
				CLANG_WARN_EMPTY_BODY = YES;
				CLANG_WARN_ENUM_CONVERSION = YES;
				CLANG_WARN_INFINITE_RECURSION = YES;
				CLANG_WARN_INT_CONVERSION = YES;
				CLANG_WARN_NON_LITERAL_NULL_CONVERSION = YES;
				CLANG_WARN_OBJC_IMPLICIT_RETAIN_SELF = YES;
				CLANG_WARN_OBJC_LITERAL_CONVERSION = YES;
				CLANG_WARN_OBJC_ROOT_CLASS = YES_ERROR;
				CLANG_WARN_QUOTED_INCLUDE_IN_FRAMEWORK_HEADER = YES;
				CLANG_WARN_RANGE_LOOP_ANALYSIS = YES;
				CLANG_WARN_STRICT_PROTOTYPES = YES;
				CLANG_WARN_SUSPICIOUS_MOVE = YES;
				CLANG_WARN_UNGUARDED_AVAILABILITY = YES_AGGRESSIVE;
				CLANG_WARN_UNREACHABLE_CODE = YES;
				CLANG_WARN__DUPLICATE_METHOD_MATCH = YES;
				COPY_PHASE_STRIP = NO;
				DEBUG_INFORMATION_FORMAT = dwarf;
				ENABLE_STRICT_OBJC_MSGSEND = YES;
				ENABLE_TESTABILITY = YES;
				ENABLE_USER_SCRIPT_SANDBOXING = YES;
				GCC_C_LANGUAGE_STANDARD = gnu17;
				GCC_DYNAMIC_NO_PIC = NO;
				GCC_NO_COMMON_BLOCKS = YES;
				GCC_OPTIMIZATION_LEVEL = 0;
				GCC_PREPROCESSOR_DEFINITIONS = (
					"DEBUG=1",
					"$(inherited)",
				);
				GCC_WARN_64_TO_32_BIT_CONVERSION = YES;
				GCC_WARN_ABOUT_RETURN_TYPE = YES_ERROR;
				GCC_WARN_UNDECLARED_SELECTOR = YES;
				GCC_WARN_UNINITIALIZED_AUTOS = YES_AGGRESSIVE;
				GCC_WARN_UNUSED_FUNCTION = YES;
				GCC_WARN_UNUSED_VARIABLE = YES;
				IPHONEOS_DEPLOYMENT_TARGET = 18.0;
				LOCALIZATION_PREFERS_STRING_CATALOGS = YES;
				MTL_ENABLE_DEBUG_INFO = INCLUDE_SOURCE;
				MTL_FAST_MATH = YES;
				ONLY_ACTIVE_ARCH = YES;
				SDKROOT = iphoneos;
				SWIFT_ACTIVE_COMPILATION_CONDITIONS = "DEBUG $(inherited)";
				SWIFT_OPTIMIZATION_LEVEL = "-Onone";
			};
			name = Debug;
		};
		852B51072C2FA823008CF652 /* Release */ = {
			isa = XCBuildConfiguration;
			buildSettings = {
				ALWAYS_SEARCH_USER_PATHS = NO;
				ASSETCATALOG_COMPILER_GENERATE_SWIFT_ASSET_SYMBOL_EXTENSIONS = YES;
				CLANG_ANALYZER_NONNULL = YES;
				CLANG_ANALYZER_NUMBER_OBJECT_CONVERSION = YES_AGGRESSIVE;
				CLANG_CXX_LANGUAGE_STANDARD = "gnu++20";
				CLANG_ENABLE_MODULES = YES;
				CLANG_ENABLE_OBJC_ARC = YES;
				CLANG_ENABLE_OBJC_WEAK = YES;
				CLANG_WARN_BLOCK_CAPTURE_AUTORELEASING = YES;
				CLANG_WARN_BOOL_CONVERSION = YES;
				CLANG_WARN_COMMA = YES;
				CLANG_WARN_CONSTANT_CONVERSION = YES;
				CLANG_WARN_DEPRECATED_OBJC_IMPLEMENTATIONS = YES;
				CLANG_WARN_DIRECT_OBJC_ISA_USAGE = YES_ERROR;
				CLANG_WARN_DOCUMENTATION_COMMENTS = YES;
				CLANG_WARN_EMPTY_BODY = YES;
				CLANG_WARN_ENUM_CONVERSION = YES;
				CLANG_WARN_INFINITE_RECURSION = YES;
				CLANG_WARN_INT_CONVERSION = YES;
				CLANG_WARN_NON_LITERAL_NULL_CONVERSION = YES;
				CLANG_WARN_OBJC_IMPLICIT_RETAIN_SELF = YES;
				CLANG_WARN_OBJC_LITERAL_CONVERSION = YES;
				CLANG_WARN_OBJC_ROOT_CLASS = YES_ERROR;
				CLANG_WARN_QUOTED_INCLUDE_IN_FRAMEWORK_HEADER = YES;
				CLANG_WARN_RANGE_LOOP_ANALYSIS = YES;
				CLANG_WARN_STRICT_PROTOTYPES = YES;
				CLANG_WARN_SUSPICIOUS_MOVE = YES;
				CLANG_WARN_UNGUARDED_AVAILABILITY = YES_AGGRESSIVE;
				CLANG_WARN_UNREACHABLE_CODE = YES;
				CLANG_WARN__DUPLICATE_METHOD_MATCH = YES;
				COPY_PHASE_STRIP = NO;
				DEBUG_INFORMATION_FORMAT = "dwarf-with-dsym";
				ENABLE_NS_ASSERTIONS = NO;
				ENABLE_STRICT_OBJC_MSGSEND = YES;
				ENABLE_USER_SCRIPT_SANDBOXING = YES;
				GCC_C_LANGUAGE_STANDARD = gnu17;
				GCC_NO_COMMON_BLOCKS = YES;
				GCC_WARN_64_TO_32_BIT_CONVERSION = YES;
				GCC_WARN_ABOUT_RETURN_TYPE = YES_ERROR;
				GCC_WARN_UNDECLARED_SELECTOR = YES;
				GCC_WARN_UNINITIALIZED_AUTOS = YES_AGGRESSIVE;
				GCC_WARN_UNUSED_FUNCTION = YES;
				GCC_WARN_UNUSED_VARIABLE = YES;
				IPHONEOS_DEPLOYMENT_TARGET = 18.0;
				LOCALIZATION_PREFERS_STRING_CATALOGS = YES;
				MTL_ENABLE_DEBUG_INFO = NO;
				MTL_FAST_MATH = YES;
				SDKROOT = iphoneos;
				SWIFT_COMPILATION_MODE = wholemodule;
				VALIDATE_PRODUCT = YES;
			};
			name = Release;
		};
		852B51092C2FA823008CF652 /* Debug */ = {
			isa = XCBuildConfiguration;
			buildSettings = {
				ASSETCATALOG_COMPILER_APPICON_NAME = AppIcon;
				ASSETCATALOG_COMPILER_GLOBAL_ACCENT_COLOR_NAME = AccentColor;
				CODE_SIGN_STYLE = Automatic;
				CURRENT_PROJECT_VERSION = 1;
				DEVELOPMENT_ASSET_PATHS = "\"Tomato/Preview Content\"";
				DEVELOPMENT_TEAM = WBG9V97XP4;
				ENABLE_PREVIEWS = YES;
				GENERATE_INFOPLIST_FILE = YES;
				INFOPLIST_KEY_UIApplicationSceneManifest_Generation = YES;
				INFOPLIST_KEY_UIApplicationSupportsIndirectInputEvents = YES;
				INFOPLIST_KEY_UILaunchScreen_Generation = YES;
				INFOPLIST_KEY_UISupportedInterfaceOrientations_iPad = "UIInterfaceOrientationPortrait UIInterfaceOrientationPortraitUpsideDown UIInterfaceOrientationLandscapeLeft UIInterfaceOrientationLandscapeRight";
				INFOPLIST_KEY_UISupportedInterfaceOrientations_iPhone = "UIInterfaceOrientationPortrait UIInterfaceOrientationLandscapeLeft UIInterfaceOrientationLandscapeRight";
				LD_RUNPATH_SEARCH_PATHS = (
					"$(inherited)",
					"@executable_path/Frameworks",
				);
				MARKETING_VERSION = 1.0;
				PRODUCT_BUNDLE_IDENTIFIER = com.letusgo.tomato.Tomato;
				PRODUCT_NAME = "$(TARGET_NAME)";
				SWIFT_EMIT_LOC_STRINGS = YES;
				SWIFT_VERSION = 5.0;
				TARGETED_DEVICE_FAMILY = "1,2";
			};
			name = Debug;
		};
		852B510A2C2FA823008CF652 /* Release */ = {
			isa = XCBuildConfiguration;
			buildSettings = {
				ASSETCATALOG_COMPILER_APPICON_NAME = AppIcon;
				ASSETCATALOG_COMPILER_GLOBAL_ACCENT_COLOR_NAME = AccentColor;
				CODE_SIGN_STYLE = Automatic;
				CURRENT_PROJECT_VERSION = 1;
				DEVELOPMENT_ASSET_PATHS = "\"Tomato/Preview Content\"";
				DEVELOPMENT_TEAM = WBG9V97XP4;
				ENABLE_PREVIEWS = YES;
				GENERATE_INFOPLIST_FILE = YES;
				INFOPLIST_KEY_UIApplicationSceneManifest_Generation = YES;
				INFOPLIST_KEY_UIApplicationSupportsIndirectInputEvents = YES;
				INFOPLIST_KEY_UILaunchScreen_Generation = YES;
				INFOPLIST_KEY_UISupportedInterfaceOrientations_iPad = "UIInterfaceOrientationPortrait UIInterfaceOrientationPortraitUpsideDown UIInterfaceOrientationLandscapeLeft UIInterfaceOrientationLandscapeRight";
				INFOPLIST_KEY_UISupportedInterfaceOrientations_iPhone = "UIInterfaceOrientationPortrait UIInterfaceOrientationLandscapeLeft UIInterfaceOrientationLandscapeRight";
				LD_RUNPATH_SEARCH_PATHS = (
					"$(inherited)",
					"@executable_path/Frameworks",
				);
				MARKETING_VERSION = 1.0;
				PRODUCT_BUNDLE_IDENTIFIER = com.letusgo.tomato.Tomato;
				PRODUCT_NAME = "$(TARGET_NAME)";
				SWIFT_EMIT_LOC_STRINGS = YES;
				SWIFT_VERSION = 5.0;
				TARGETED_DEVICE_FAMILY = "1,2";
			};
			name = Release;
		};
		89B9E9932C2FC41100B4A4F7 /* Debug */ = {
			isa = XCBuildConfiguration;
			buildSettings = {
				ASSETCATALOG_COMPILER_GLOBAL_ACCENT_COLOR_NAME = AccentColor;
				ASSETCATALOG_COMPILER_WIDGET_BACKGROUND_COLOR_NAME = WidgetBackground;
				CODE_SIGN_STYLE = Automatic;
				CURRENT_PROJECT_VERSION = 1;
				DEVELOPMENT_TEAM = WBG9V97XP4;
				GENERATE_INFOPLIST_FILE = YES;
				INFOPLIST_FILE = TomatoTimer/Info.plist;
				INFOPLIST_KEY_CFBundleDisplayName = TomatoTimer;
				INFOPLIST_KEY_NSHumanReadableCopyright = "";
				LD_RUNPATH_SEARCH_PATHS = (
					"$(inherited)",
					"@executable_path/Frameworks",
					"@executable_path/../../Frameworks",
				);
				MARKETING_VERSION = 1.0;
				PRODUCT_BUNDLE_IDENTIFIER = com.letusgo.tomato.Tomato.TomatoTimer;
				PRODUCT_NAME = "$(TARGET_NAME)";
				SKIP_INSTALL = YES;
				SWIFT_EMIT_LOC_STRINGS = YES;
				SWIFT_VERSION = 5.0;
				TARGETED_DEVICE_FAMILY = "1,2";
			};
			name = Debug;
		};
		89B9E9942C2FC41100B4A4F7 /* Release */ = {
			isa = XCBuildConfiguration;
			buildSettings = {
				ASSETCATALOG_COMPILER_GLOBAL_ACCENT_COLOR_NAME = AccentColor;
				ASSETCATALOG_COMPILER_WIDGET_BACKGROUND_COLOR_NAME = WidgetBackground;
				CODE_SIGN_STYLE = Automatic;
				CURRENT_PROJECT_VERSION = 1;
				DEVELOPMENT_TEAM = WBG9V97XP4;
				GENERATE_INFOPLIST_FILE = YES;
				INFOPLIST_FILE = TomatoTimer/Info.plist;
				INFOPLIST_KEY_CFBundleDisplayName = TomatoTimer;
				INFOPLIST_KEY_NSHumanReadableCopyright = "";
				LD_RUNPATH_SEARCH_PATHS = (
					"$(inherited)",
					"@executable_path/Frameworks",
					"@executable_path/../../Frameworks",
				);
				MARKETING_VERSION = 1.0;
				PRODUCT_BUNDLE_IDENTIFIER = com.letusgo.tomato.Tomato.TomatoTimer;
				PRODUCT_NAME = "$(TARGET_NAME)";
				SKIP_INSTALL = YES;
				SWIFT_EMIT_LOC_STRINGS = YES;
				SWIFT_VERSION = 5.0;
				TARGETED_DEVICE_FAMILY = "1,2";
			};
			name = Release;
		};
/* End XCBuildConfiguration section */

/* Begin XCConfigurationList section */
		852B50F52C2FA822008CF652 /* Build configuration list for PBXProject "Tomato" */ = {
			isa = XCConfigurationList;
			buildConfigurations = (
				852B51062C2FA823008CF652 /* Debug */,
				852B51072C2FA823008CF652 /* Release */,
			);
			defaultConfigurationIsVisible = 0;
			defaultConfigurationName = Release;
		};
		852B51082C2FA823008CF652 /* Build configuration list for PBXNativeTarget "Tomato" */ = {
			isa = XCConfigurationList;
			buildConfigurations = (
				852B51092C2FA823008CF652 /* Debug */,
				852B510A2C2FA823008CF652 /* Release */,
			);
			defaultConfigurationIsVisible = 0;
			defaultConfigurationName = Release;
		};
		89B9E9952C2FC41100B4A4F7 /* Build configuration list for PBXNativeTarget "TomatoTimerExtension" */ = {
			isa = XCConfigurationList;
			buildConfigurations = (
				89B9E9932C2FC41100B4A4F7 /* Debug */,
				89B9E9942C2FC41100B4A4F7 /* Release */,
			);
			defaultConfigurationIsVisible = 0;
			defaultConfigurationName = Release;
		};
/* End XCConfigurationList section */
	};
	rootObject = 852B50F22C2FA822008CF652 /* Project object */;
}
